// !$*UTF8*$!
{
	archiveVersion = 1;
	classes = {
	};
	objectVersion = 77;
	objects = {

/* Begin PBXBuildFile section */
		081D77D6576AE4FE20F2A9AB /* AddEditItemView.swift in Sources */ = {isa = PBXBuildFile; fileRef = 272E4AF72775DF546EA49603 /* AddEditItemView.swift */; };
		08AB30A9592BEC4E313C5D57 /* ContentView.swift in Sources */ = {isa = PBXBuildFile; fileRef = A9EDCC5BDC5027B162C3483F /* ContentView.swift */; };
		1817805601B6441B6F84488A /* StoreModeView.swift in Sources */ = {isa = PBXBuildFile; fileRef = 2EE04175C4BC3A72AA8CF03E /* StoreModeView.swift */; };
		672617EBDE54538A6C6CEF93 /* SeedData.swift in Sources */ = {isa = PBXBuildFile; fileRef = 3A4F1A70E5023506C27B73A5 /* SeedData.swift */; };
		6EE239DDE984C73CC809D27B /* CadenceRefreshService.swift in Sources */ = {isa = PBXBuildFile; fileRef = CB8927D907AD6E0048F6B01C /* CadenceRefreshService.swift */; };
		BC545B688BD134218E12D595 /* GroceryItem.swift in Sources */ = {isa = PBXBuildFile; fileRef = B7EE5F98C368C66B8EB34256 /* GroceryItem.swift */; };
		E43B70BDA4F9E014A9F694CA /* GroceryListApp.swift in Sources */ = {isa = PBXBuildFile; fileRef = 7A56CE38EB8185F89630E760 /* GroceryListApp.swift */; };
		EC1770FFD59B9D0C18CC75BA /* ItemListView.swift in Sources */ = {isa = PBXBuildFile; fileRef = 0952D37F151ED4ACCD66C9E4 /* ItemListView.swift */; };
		F6782EDC28B29A6490CD2F1E /* StoreChecklistView.swift in Sources */ = {isa = PBXBuildFile; fileRef = DED66746D1784652C93239A1 /* StoreChecklistView.swift */; };
/* End PBXBuildFile section */

/* Begin PBXFileReference section */
		0952D37F151ED4ACCD66C9E4 /* ItemListView.swift */ = {isa = PBXFileReference; lastKnownFileType = sourcecode.swift; path = ItemListView.swift; sourceTree = "<group>"; };
		272E4AF72775DF546EA49603 /* AddEditItemView.swift */ = {isa = PBXFileReference; lastKnownFileType = sourcecode.swift; path = AddEditItemView.swift; sourceTree = "<group>"; };
		2EE04175C4BC3A72AA8CF03E /* StoreModeView.swift */ = {isa = PBXFileReference; lastKnownFileType = sourcecode.swift; path = StoreModeView.swift; sourceTree = "<group>"; };
		3A4F1A70E5023506C27B73A5 /* SeedData.swift */ = {isa = PBXFileReference; lastKnownFileType = sourcecode.swift; path = SeedData.swift; sourceTree = "<group>"; };
		78B1781E03E1689F48D0AC90 /* GroceryList.app */ = {isa = PBXFileReference; includeInIndex = 0; lastKnownFileType = wrapper.application; path = GroceryList.app; sourceTree = BUILT_PRODUCTS_DIR; };
		7A56CE38EB8185F89630E760 /* GroceryListApp.swift */ = {isa = PBXFileReference; lastKnownFileType = sourcecode.swift; path = GroceryListApp.swift; sourceTree = "<group>"; };
		A9EDCC5BDC5027B162C3483F /* ContentView.swift */ = {isa = PBXFileReference; lastKnownFileType = sourcecode.swift; path = ContentView.swift; sourceTree = "<group>"; };
		B7EE5F98C368C66B8EB34256 /* GroceryItem.swift */ = {isa = PBXFileReference; lastKnownFileType = sourcecode.swift; path = GroceryItem.swift; sourceTree = "<group>"; };
		BEE27613C9DAD34BAA7979A6 /* Info.plist */ = {isa = PBXFileReference; lastKnownFileType = text.plist; path = Info.plist; sourceTree = "<group>"; };
		CB8927D907AD6E0048F6B01C /* CadenceRefreshService.swift */ = {isa = PBXFileReference; lastKnownFileType = sourcecode.swift; path = CadenceRefreshService.swift; sourceTree = "<group>"; };
		DED66746D1784652C93239A1 /* StoreChecklistView.swift */ = {isa = PBXFileReference; lastKnownFileType = sourcecode.swift; path = StoreChecklistView.swift; sourceTree = "<group>"; };
/* End PBXFileReference section */

/* Begin PBXGroup section */
		37AEDEA95E0E7A847B4A892E /* Models */ = {
			isa = PBXGroup;
			children = (
				B7EE5F98C368C66B8EB34256 /* GroceryItem.swift */,
			);
			path = Models;
			sourceTree = "<group>";
		};
		77B918206792D6166212460F /* ViewModels */ = {
			isa = PBXGroup;
			children = (
				CB8927D907AD6E0048F6B01C /* CadenceRefreshService.swift */,
				3A4F1A70E5023506C27B73A5 /* SeedData.swift */,
			);
			path = ViewModels;
			sourceTree = "<group>";
		};
		7BC63763636B31B7AE1F1E77 /* Views */ = {
			isa = PBXGroup;
			children = (
				272E4AF72775DF546EA49603 /* AddEditItemView.swift */,
				A9EDCC5BDC5027B162C3483F /* ContentView.swift */,
				0952D37F151ED4ACCD66C9E4 /* ItemListView.swift */,
				DED66746D1784652C93239A1 /* StoreChecklistView.swift */,
				2EE04175C4BC3A72AA8CF03E /* StoreModeView.swift */,
			);
			path = Views;
			sourceTree = "<group>";
		};
		C8412A4099C1DE5B7A98FE04 /* Products */ = {
			isa = PBXGroup;
			children = (
				78B1781E03E1689F48D0AC90 /* GroceryList.app */,
			);
			name = Products;
			sourceTree = "<group>";
		};
		E395854DCD53508ED46A8718 = {
			isa = PBXGroup;
			children = (
				E5F887F08661FAC9867B6C7E /* GroceryList */,
				C8412A4099C1DE5B7A98FE04 /* Products */,
			);
			sourceTree = "<group>";
		};
		E5F887F08661FAC9867B6C7E /* GroceryList */ = {
			isa = PBXGroup;
			children = (
				7A56CE38EB8185F89630E760 /* GroceryListApp.swift */,
				BEE27613C9DAD34BAA7979A6 /* Info.plist */,
				37AEDEA95E0E7A847B4A892E /* Models */,
				77B918206792D6166212460F /* ViewModels */,
				7BC63763636B31B7AE1F1E77 /* Views */,
			);
			path = GroceryList;
			sourceTree = "<group>";
		};
/* End PBXGroup section */

/* Begin PBXNativeTarget section */
		14B6A263F5B04F496F5BE862 /* GroceryList */ = {
			isa = PBXNativeTarget;
			buildConfigurationList = 82973F0ED5182FED2FEC7355 /* Build configuration list for PBXNativeTarget "GroceryList" */;
			buildPhases = (
				CA055AD268C2FC3566DCE509 /* Sources */,
			);
			buildRules = (
			);
			dependencies = (
			);
			name = GroceryList;
			packageProductDependencies = (
			);
			productName = GroceryList;
			productReference = 78B1781E03E1689F48D0AC90 /* GroceryList.app */;
			productType = "com.apple.product-type.application";
		};
/* End PBXNativeTarget section */

/* Begin PBXProject section */
		DACE81B19854DC1B114E4F3F /* Project object */ = {
			isa = PBXProject;
			attributes = {
				BuildIndependentTargetsInParallel = YES;
				LastUpgradeCheck = 1430;
				TargetAttributes = {
					14B6A263F5B04F496F5BE862 = {
						DevelopmentTeam = "";
						ProvisioningStyle = Automatic;
					};
				};
			};
			buildConfigurationList = 73BC50112BDC08CC72467AB4 /* Build configuration list for PBXProject "GroceryList" */;
			developmentRegion = en;
			hasScannedForEncodings = 0;
			knownRegions = (
				Base,
				en,
			);
			mainGroup = E395854DCD53508ED46A8718;
			minimizedProjectReferenceProxies = 1;
			preferredProjectObjectVersion = 77;
			productRefGroup = C8412A4099C1DE5B7A98FE04 /* Products */;
			projectDirPath = "";
			projectRoot = "";
			targets = (
				14B6A263F5B04F496F5BE862 /* GroceryList */,
			);
		};
/* End PBXProject section */

/* Begin PBXSourcesBuildPhase section */
		CA055AD268C2FC3566DCE509 /* Sources */ = {
			isa = PBXSourcesBuildPhase;
			buildActionMask = 2147483647;
			files = (
				081D77D6576AE4FE20F2A9AB /* AddEditItemView.swift in Sources */,
				6EE239DDE984C73CC809D27B /* CadenceRefreshService.swift in Sources */,
				08AB30A9592BEC4E313C5D57 /* ContentView.swift in Sources */,
				BC545B688BD134218E12D595 /* GroceryItem.swift in Sources */,
				E43B70BDA4F9E014A9F694CA /* GroceryListApp.swift in Sources */,
				EC1770FFD59B9D0C18CC75BA /* ItemListView.swift in Sources */,
				672617EBDE54538A6C6CEF93 /* SeedData.swift in Sources */,
				F6782EDC28B29A6490CD2F1E /* StoreChecklistView.swift in Sources */,
				1817805601B6441B6F84488A /* StoreModeView.swift in Sources */,
			);
			runOnlyForDeploymentPostprocessing = 0;
		};
/* End PBXSourcesBuildPhase section */

/* Begin XCBuildConfiguration section */
		27FCF7D016C1E60C6AA76C87 /* Debug */ = {
			isa = XCBuildConfiguration;
			buildSettings = {
				ASSETCATALOG_COMPILER_APPICON_NAME = AppIcon;
				CODE_SIGN_IDENTITY = "iPhone Developer";
				CODE_SIGN_STYLE = Automatic;
				DEVELOPMENT_TEAM = "";
				INFOPLIST_FILE = GroceryList/Info.plist;
				INFOPLIST_KEY_CFBundleDisplayName = "Grocery List";
				INFOPLIST_KEY_UILaunchScreen_Generation = YES;
				INFOPLIST_KEY_UISupportedInterfaceOrientations = UIInterfaceOrientationPortrait;
				LD_RUNPATH_SEARCH_PATHS = (
					"$(inherited)",
					"@executable_path/Frameworks",
				);
				PRODUCT_BUNDLE_IDENTIFIER = com.aljoshi.grocerylist.GroceryList;
				SDKROOT = iphoneos;
				SWIFT_VERSION = 5.0;
				TARGETED_DEVICE_FAMILY = "1,2";
			};
			name = Debug;
		};
		3A516B07C9D148C79B2CBCF0 /* Release */ = {
			isa = XCBuildConfiguration;
			buildSettings = {
				ASSETCATALOG_COMPILER_APPICON_NAME = AppIcon;
				CODE_SIGN_IDENTITY = "iPhone Developer";
				CODE_SIGN_STYLE = Automatic;
				DEVELOPMENT_TEAM = "";
				INFOPLIST_FILE = GroceryList/Info.plist;
				INFOPLIST_KEY_CFBundleDisplayName = "Grocery List";
				INFOPLIST_KEY_UILaunchScreen_Generation = YES;
				INFOPLIST_KEY_UISupportedInterfaceOrientations = UIInterfaceOrientationPortrait;
				LD_RUNPATH_SEARCH_PATHS = (
					"$(inherited)",
					"@executable_path/Frameworks",
				);
				PRODUCT_BUNDLE_IDENTIFIER = com.aljoshi.grocerylist.GroceryList;
				SDKROOT = iphoneos;
				SWIFT_VERSION = 5.0;
				TARGETED_DEVICE_FAMILY = "1,2";
			};
			name = Release;
		};
		4F36E3F32857D5AA7A16A352 /* Debug */ = {
			isa = XCBuildConfiguration;
			buildSettings = {
				ALWAYS_SEARCH_USER_PATHS = NO;
				CLANG_ANALYZER_NONNULL = YES;
				CLANG_ANALYZER_NUMBER_OBJECT_CONVERSION = YES_AGGRESSIVE;
				CLANG_CXX_LANGUAGE_STANDARD = "gnu++14";
				CLANG_CXX_LIBRARY = "libc++";
				CLANG_ENABLE_MODULES = YES;
				CLANG_ENABLE_OBJC_ARC = YES;
				CLANG_ENABLE_OBJC_WEAK = YES;
				CLANG_WARN_BLOCK_CAPTURE_AUTORELEASING = YES;
				CLANG_WARN_BOOL_CONVERSION = YES;
				CLANG_WARN_COMMA = YES;
				CLANG_WARN_CONSTANT_CONVERSION = YES;
				CLANG_WARN_DEPRECATED_OBJC_IMPLEMENTATIONS = YES;
				CLANG_WARN_DIRECT_OBJC_ISA_USAGE = YES_ERROR;
				CLANG_WARN_DOCUMENTATION_COMMENTS = YES;
				CLANG_WARN_EMPTY_BODY = YES;
				CLANG_WARN_ENUM_CONVERSION = YES;
				CLANG_WARN_INFINITE_RECURSION = YES;
				CLANG_WARN_INT_CONVERSION = YES;
				CLANG_WARN_NON_LITERAL_NULL_CONVERSION = YES;
				CLANG_WARN_OBJC_IMPLICIT_RETAIN_SELF = YES;
				CLANG_WARN_OBJC_LITERAL_CONVERSION = YES;
				CLANG_WARN_OBJC_ROOT_CLASS = YES_ERROR;
				CLANG_WARN_QUOTED_INCLUDE_IN_FRAMEWORK_HEADER = YES;
				CLANG_WARN_RANGE_LOOP_ANALYSIS = YES;
				CLANG_WARN_STRICT_PROTOTYPES = YES;
				CLANG_WARN_SUSPICIOUS_MOVE = YES;
				CLANG_WARN_UNGUARDED_AVAILABILITY = YES_AGGRESSIVE;
				CLANG_WARN_UNREACHABLE_CODE = YES;
				CLANG_WARN__DUPLICATE_METHOD_MATCH = YES;
				COPY_PHASE_STRIP = NO;
				DEBUG_INFORMATION_FORMAT = dwarf;
				ENABLE_STRICT_OBJC_MSGSEND = YES;
				ENABLE_TESTABILITY = YES;
				GCC_C_LANGUAGE_STANDARD = gnu11;
				GCC_DYNAMIC_NO_PIC = NO;
				GCC_NO_COMMON_BLOCKS = YES;
				GCC_OPTIMIZATION_LEVEL = 0;
				GCC_PREPROCESSOR_DEFINITIONS = (
					"$(inherited)",
					"DEBUG=1",
				);
				GCC_WARN_64_TO_32_BIT_CONVERSION = YES;
				GCC_WARN_ABOUT_RETURN_TYPE = YES_ERROR;
				GCC_WARN_UNDECLARED_SELECTOR = YES;
				GCC_WARN_UNINITIALIZED_AUTOS = YES_AGGRESSIVE;
				GCC_WARN_UNUSED_FUNCTION = YES;
				GCC_WARN_UNUSED_VARIABLE = YES;
				IPHONEOS_DEPLOYMENT_TARGET = 17.0;
				MTL_ENABLE_DEBUG_INFO = INCLUDE_SOURCE;
				MTL_FAST_MATH = YES;
				ONLY_ACTIVE_ARCH = YES;
				PRODUCT_NAME = "$(TARGET_NAME)";
				SDKROOT = iphoneos;
				SWIFT_ACTIVE_COMPILATION_CONDITIONS = DEBUG;
				SWIFT_OPTIMIZATION_LEVEL = "-Onone";
				SWIFT_VERSION = 5.0;
			};
			name = Debug;
		};
		959D92FB4119976569C731D2 /* Release */ = {
			isa = XCBuildConfiguration;
			buildSettings = {
				ALWAYS_SEARCH_USER_PATHS = NO;
				CLANG_ANALYZER_NONNULL = YES;
				CLANG_ANALYZER_NUMBER_OBJECT_CONVERSION = YES_AGGRESSIVE;
				CLANG_CXX_LANGUAGE_STANDARD = "gnu++14";
				CLANG_CXX_LIBRARY = "libc++";
				CLANG_ENABLE_MODULES = YES;
				CLANG_ENABLE_OBJC_ARC = YES;
				CLANG_ENABLE_OBJC_WEAK = YES;
				CLANG_WARN_BLOCK_CAPTURE_AUTORELEASING = YES;
				CLANG_WARN_BOOL_CONVERSION = YES;
				CLANG_WARN_COMMA = YES;
				CLANG_WARN_CONSTANT_CONVERSION = YES;
				CLANG_WARN_DEPRECATED_OBJC_IMPLEMENTATIONS = YES;
				CLANG_WARN_DIRECT_OBJC_ISA_USAGE = YES_ERROR;
				CLANG_WARN_DOCUMENTATION_COMMENTS = YES;
				CLANG_WARN_EMPTY_BODY = YES;
				CLANG_WARN_ENUM_CONVERSION = YES;
				CLANG_WARN_INFINITE_RECURSION = YES;
				CLANG_WARN_INT_CONVERSION = YES;
				CLANG_WARN_NON_LITERAL_NULL_CONVERSION = YES;
				CLANG_WARN_OBJC_IMPLICIT_RETAIN_SELF = YES;
				CLANG_WARN_OBJC_LITERAL_CONVERSION = YES;
				CLANG_WARN_OBJC_ROOT_CLASS = YES_ERROR;
				CLANG_WARN_QUOTED_INCLUDE_IN_FRAMEWORK_HEADER = YES;
				CLANG_WARN_RANGE_LOOP_ANALYSIS = YES;
				CLANG_WARN_STRICT_PROTOTYPES = YES;
				CLANG_WARN_SUSPICIOUS_MOVE = YES;
				CLANG_WARN_UNGUARDED_AVAILABILITY = YES_AGGRESSIVE;
				CLANG_WARN_UNREACHABLE_CODE = YES;
				CLANG_WARN__DUPLICATE_METHOD_MATCH = YES;
				COPY_PHASE_STRIP = NO;
				DEBUG_INFORMATION_FORMAT = "dwarf-with-dsym";
				ENABLE_NS_ASSERTIONS = NO;
				ENABLE_STRICT_OBJC_MSGSEND = YES;
				GCC_C_LANGUAGE_STANDARD = gnu11;
				GCC_NO_COMMON_BLOCKS = YES;
				GCC_WARN_64_TO_32_BIT_CONVERSION = YES;
				GCC_WARN_ABOUT_RETURN_TYPE = YES_ERROR;
				GCC_WARN_UNDECLARED_SELECTOR = YES;
				GCC_WARN_UNINITIALIZED_AUTOS = YES_AGGRESSIVE;
				GCC_WARN_UNUSED_FUNCTION = YES;
				GCC_WARN_UNUSED_VARIABLE = YES;
				IPHONEOS_DEPLOYMENT_TARGET = 17.0;
				MTL_ENABLE_DEBUG_INFO = NO;
				MTL_FAST_MATH = YES;
				PRODUCT_NAME = "$(TARGET_NAME)";
				SDKROOT = iphoneos;
				SWIFT_COMPILATION_MODE = wholemodule;
				SWIFT_OPTIMIZATION_LEVEL = "-O";
				SWIFT_VERSION = 5.0;
			};
			name = Release;
		};
/* End XCBuildConfiguration section */

/* Begin XCConfigurationList section */
		73BC50112BDC08CC72467AB4 /* Build configuration list for PBXProject "GroceryList" */ = {
			isa = XCConfigurationList;
			buildConfigurations = (
				4F36E3F32857D5AA7A16A352 /* Debug */,
				959D92FB4119976569C731D2 /* Release */,
			);
			defaultConfigurationIsVisible = 0;
			defaultConfigurationName = Debug;
		};
		82973F0ED5182FED2FEC7355 /* Build configuration list for PBXNativeTarget "GroceryList" */ = {
			isa = XCConfigurationList;
			buildConfigurations = (
				27FCF7D016C1E60C6AA76C87 /* Debug */,
				3A516B07C9D148C79B2CBCF0 /* Release */,
			);
			defaultConfigurationIsVisible = 0;
			defaultConfigurationName = Debug;
		};
/* End XCConfigurationList section */
	};
	rootObject = DACE81B19854DC1B114E4F3F /* Project object */;
}
